// !$*UTF8*$!
{
	archiveVersion = 1;
	classes = {
	};
	objectVersion = 77;
	objects = {

/* Begin PBXBuildFile section */
		D5B06EE52D2C429E00C0AAE8 /* SettingsView.swift in Sources */ = {isa = PBXBuildFile; fileRef = D5B06EE42D2C429E00C0AAE8 /* SettingsView.swift */; };
		D5B06EEB2D2C436F00C0AAE8 /* PDFInvoiceView.swift in Sources */ = {isa = PBXBuildFile; fileRef = D5B06EEA2D2C436F00C0AAE8 /* PDFInvoiceView.swift */; };
		D5B06EF12D2C44BA00C0AAE8 /* CustomerDetailView.swift in Sources */ = {isa = PBXBuildFile; fileRef = D5B06EF02D2C44BA00C0AAE8 /* CustomerDetailView.swift */; };
		D5B06EF32D2C44C100C0AAE8 /* AddCustomerView.swift in Sources */ = {isa = PBXBuildFile; fileRef = D5B06EF22D2C44C100C0AAE8 /* AddCustomerView.swift */; };
		D5B06EF52D2C44CB00C0AAE8 /* CustomerEditForm.swift in Sources */ = {isa = PBXBuildFile; fileRef = D5B06EF42D2C44CB00C0AAE8 /* CustomerEditForm.swift */; };
/* End PBXBuildFile section */

/* Begin PBXContainerItemProxy section */
		D5B06EC22D2C41B800C0AAE8 /* PBXContainerItemProxy */ = {
			isa = PBXContainerItemProxy;
			containerPortal = D5B06EA92D2C41B700C0AAE8 /* Project object */;
			proxyType = 1;
			remoteGlobalIDString = D5B06EB02D2C41B700C0AAE8;
			remoteInfo = fatura;
		};
		D5B06ECC2D2C41B800C0AAE8 /* PBXContainerItemProxy */ = {
			isa = PBXContainerItemProxy;
			containerPortal = D5B06EA92D2C41B700C0AAE8 /* Project object */;
			proxyType = 1;
			remoteGlobalIDString = D5B06EB02D2C41B700C0AAE8;
			remoteInfo = fatura;
		};
/* End PBXContainerItemProxy section */

/* Begin PBXFileReference section */
		D5B06EB12D2C41B700C0AAE8 /* fatura.app */ = {isa = PBXFileReference; explicitFileType = wrapper.application; includeInIndex = 0; path = fatura.app; sourceTree = BUILT_PRODUCTS_DIR; };
		D5B06EC12D2C41B800C0AAE8 /* faturaTests.xctest */ = {isa = PBXFileReference; explicitFileType = wrapper.cfbundle; includeInIndex = 0; path = faturaTests.xctest; sourceTree = BUILT_PRODUCTS_DIR; };
		D5B06ECB2D2C41B800C0AAE8 /* faturaUITests.xctest */ = {isa = PBXFileReference; explicitFileType = wrapper.cfbundle; includeInIndex = 0; path = faturaUITests.xctest; sourceTree = BUILT_PRODUCTS_DIR; };
		D5B06EE42D2C429E00C0AAE8 /* SettingsView.swift */ = {isa = PBXFileReference; lastKnownFileType = sourcecode.swift; path = SettingsView.swift; sourceTree = "<group>"; };
		D5B06EEA2D2C436F00C0AAE8 /* PDFInvoiceView.swift */ = {isa = PBXFileReference; lastKnownFileType = sourcecode.swift; path = PDFInvoiceView.swift; sourceTree = "<group>"; };
		D5B06EF02D2C44BA00C0AAE8 /* CustomerDetailView.swift */ = {isa = PBXFileReference; lastKnownFileType = sourcecode.swift; path = CustomerDetailView.swift; sourceTree = "<group>"; };
		D5B06EF22D2C44C100C0AAE8 /* AddCustomerView.swift */ = {isa = PBXFileReference; lastKnownFileType = sourcecode.swift; path = AddCustomerView.swift; sourceTree = "<group>"; };
		D5B06EF42D2C44CB00C0AAE8 /* CustomerEditForm.swift */ = {isa = PBXFileReference; lastKnownFileType = sourcecode.swift; path = CustomerEditForm.swift; sourceTree = "<group>"; };
/* End PBXFileReference section */

/* Begin PBXFileSystemSynchronizedRootGroup section */
		D5B06EB32D2C41B700C0AAE8 /* fatura */ = {
			isa = PBXFileSystemSynchronizedRootGroup;
			path = fatura;
			sourceTree = "<group>";
		};
		D5B06EC42D2C41B800C0AAE8 /* faturaTests */ = {
			isa = PBXFileSystemSynchronizedRootGroup;
			path = faturaTests;
			sourceTree = "<group>";
		};
		D5B06ECE2D2C41B800C0AAE8 /* faturaUITests */ = {
			isa = PBXFileSystemSynchronizedRootGroup;
			path = faturaUITests;
			sourceTree = "<group>";
		};
/* End PBXFileSystemSynchronizedRootGroup section */

/* Begin PBXFrameworksBuildPhase section */
		D5B06EAE2D2C41B700C0AAE8 /* Frameworks */ = {
			isa = PBXFrameworksBuildPhase;
			buildActionMask = 2147483647;
			files = (
			);
			runOnlyForDeploymentPostprocessing = 0;
		};
		D5B06EBE2D2C41B800C0AAE8 /* Frameworks */ = {
			isa = PBXFrameworksBuildPhase;
			buildActionMask = 2147483647;
			files = (
			);
			runOnlyForDeploymentPostprocessing = 0;
		};
		D5B06EC82D2C41B800C0AAE8 /* Frameworks */ = {
			isa = PBXFrameworksBuildPhase;
			buildActionMask = 2147483647;
			files = (
			);
			runOnlyForDeploymentPostprocessing = 0;
		};
/* End PBXFrameworksBuildPhase section */

/* Begin PBXGroup section */
		D5B06EA82D2C41B700C0AAE8 = {
			isa = PBXGroup;
			children = (
				D5B06EB32D2C41B700C0AAE8 /* fatura */,
				D5B06EC42D2C41B800C0AAE8 /* faturaTests */,
				D5B06ECE2D2C41B800C0AAE8 /* faturaUITests */,
				D5B06EB22D2C41B700C0AAE8 /* Products */,
				D5B06EE42D2C429E00C0AAE8 /* SettingsView.swift */,
				D5B06EEA2D2C436F00C0AAE8 /* PDFInvoiceView.swift */,
				D5B06EF02D2C44BA00C0AAE8 /* CustomerDetailView.swift */,
				D5B06EF22D2C44C100C0AAE8 /* AddCustomerView.swift */,
				D5B06EF42D2C44CB00C0AAE8 /* CustomerEditForm.swift */,
			);
			sourceTree = "<group>";
		};
		D5B06EB22D2C41B700C0AAE8 /* Products */ = {
			isa = PBXGroup;
			children = (
				D5B06EB12D2C41B700C0AAE8 /* fatura.app */,
				D5B06EC12D2C41B800C0AAE8 /* faturaTests.xctest */,
				D5B06ECB2D2C41B800C0AAE8 /* faturaUITests.xctest */,
			);
			name = Products;
			sourceTree = "<group>";
		};
/* End PBXGroup section */

/* Begin PBXNativeTarget section */
		D5B06EB02D2C41B700C0AAE8 /* fatura */ = {
			isa = PBXNativeTarget;
			buildConfigurationList = D5B06ED52D2C41B800C0AAE8 /* Build configuration list for PBXNativeTarget "fatura" */;
			buildPhases = (
				D5B06EAD2D2C41B700C0AAE8 /* Sources */,
				D5B06EAE2D2C41B700C0AAE8 /* Frameworks */,
				D5B06EAF2D2C41B700C0AAE8 /* Resources */,
			);
			buildRules = (
			);
			dependencies = (
			);
			fileSystemSynchronizedGroups = (
				D5B06EB32D2C41B700C0AAE8 /* fatura */,
			);
			name = fatura;
			packageProductDependencies = (
			);
			productName = fatura;
			productReference = D5B06EB12D2C41B700C0AAE8 /* fatura.app */;
			productType = "com.apple.product-type.application";
		};
		D5B06EC02D2C41B800C0AAE8 /* faturaTests */ = {
			isa = PBXNativeTarget;
			buildConfigurationList = D5B06ED82D2C41B800C0AAE8 /* Build configuration list for PBXNativeTarget "faturaTests" */;
			buildPhases = (
				D5B06EBD2D2C41B800C0AAE8 /* Sources */,
				D5B06EBE2D2C41B800C0AAE8 /* Frameworks */,
				D5B06EBF2D2C41B800C0AAE8 /* Resources */,
			);
			buildRules = (
			);
			dependencies = (
				D5B06EC32D2C41B800C0AAE8 /* PBXTargetDependency */,
			);
			fileSystemSynchronizedGroups = (
				D5B06EC42D2C41B800C0AAE8 /* faturaTests */,
			);
			name = faturaTests;
			packageProductDependencies = (
			);
			productName = faturaTests;
			productReference = D5B06EC12D2C41B800C0AAE8 /* faturaTests.xctest */;
			productType = "com.apple.product-type.bundle.unit-test";
		};
		D5B06ECA2D2C41B800C0AAE8 /* faturaUITests */ = {
			isa = PBXNativeTarget;
			buildConfigurationList = D5B06EDB2D2C41B800C0AAE8 /* Build configuration list for PBXNativeTarget "faturaUITests" */;
			buildPhases = (
				D5B06EC72D2C41B800C0AAE8 /* Sources */,
				D5B06EC82D2C41B800C0AAE8 /* Frameworks */,
				D5B06EC92D2C41B800C0AAE8 /* Resources */,
			);
			buildRules = (
			);
			dependencies = (
				D5B06ECD2D2C41B800C0AAE8 /* PBXTargetDependency */,
			);
			fileSystemSynchronizedGroups = (
				D5B06ECE2D2C41B800C0AAE8 /* faturaUITests */,
			);
			name = faturaUITests;
			packageProductDependencies = (
			);
			productName = faturaUITests;
			productReference = D5B06ECB2D2C41B800C0AAE8 /* faturaUITests.xctest */;
			productType = "com.apple.product-type.bundle.ui-testing";
		};
/* End PBXNativeTarget section */

/* Begin PBXProject section */
		D5B06EA92D2C41B700C0AAE8 /* Project object */ = {
			isa = PBXProject;
			attributes = {
				BuildIndependentTargetsInParallel = 1;
				LastSwiftUpdateCheck = 1620;
				LastUpgradeCheck = 1620;
				TargetAttributes = {
					D5B06EB02D2C41B700C0AAE8 = {
						CreatedOnToolsVersion = 16.2;
					};
					D5B06EC02D2C41B800C0AAE8 = {
						CreatedOnToolsVersion = 16.2;
						TestTargetID = D5B06EB02D2C41B700C0AAE8;
					};
					D5B06ECA2D2C41B800C0AAE8 = {
						CreatedOnToolsVersion = 16.2;
						TestTargetID = D5B06EB02D2C41B700C0AAE8;
					};
				};
			};
			buildConfigurationList = D5B06EAC2D2C41B700C0AAE8 /* Build configuration list for PBXProject "fatura" */;
			developmentRegion = en;
			hasScannedForEncodings = 0;
			knownRegions = (
				en,
				Base,
			);
			mainGroup = D5B06EA82D2C41B700C0AAE8;
			minimizedProjectReferenceProxies = 1;
			preferredProjectObjectVersion = 77;
			productRefGroup = D5B06EB22D2C41B700C0AAE8 /* Products */;
			projectDirPath = "";
			projectRoot = "";
			targets = (
				D5B06EB02D2C41B700C0AAE8 /* fatura */,
				D5B06EC02D2C41B800C0AAE8 /* faturaTests */,
				D5B06ECA2D2C41B800C0AAE8 /* faturaUITests */,
			);
		};
/* End PBXProject section */

/* Begin PBXResourcesBuildPhase section */
		D5B06EAF2D2C41B700C0AAE8 /* Resources */ = {
			isa = PBXResourcesBuildPhase;
			buildActionMask = 2147483647;
			files = (
			);
			runOnlyForDeploymentPostprocessing = 0;
		};
		D5B06EBF2D2C41B800C0AAE8 /* Resources */ = {
			isa = PBXResourcesBuildPhase;
			buildActionMask = 2147483647;
			files = (
			);
			runOnlyForDeploymentPostprocessing = 0;
		};
		D5B06EC92D2C41B800C0AAE8 /* Resources */ = {
			isa = PBXResourcesBuildPhase;
			buildActionMask = 2147483647;
			files = (
			);
			runOnlyForDeploymentPostprocessing = 0;
		};
/* End PBXResourcesBuildPhase section */

/* Begin PBXSourcesBuildPhase section */
		D5B06EAD2D2C41B700C0AAE8 /* Sources */ = {
			isa = PBXSourcesBuildPhase;
			buildActionMask = 2147483647;
			files = (
				D5B06EEB2D2C436F00C0AAE8 /* PDFInvoiceView.swift in Sources */,
				D5B06EF52D2C44CB00C0AAE8 /* CustomerEditForm.swift in Sources */,
				D5B06EF32D2C44C100C0AAE8 /* AddCustomerView.swift in Sources */,
				D5B06EE52D2C429E00C0AAE8 /* SettingsView.swift in Sources */,
				D5B06EF12D2C44BA00C0AAE8 /* CustomerDetailView.swift in Sources */,
			);
			runOnlyForDeploymentPostprocessing = 0;
		};
		D5B06EBD2D2C41B800C0AAE8 /* Sources */ = {
			isa = PBXSourcesBuildPhase;
			buildActionMask = 2147483647;
			files = (
			);
			runOnlyForDeploymentPostprocessing = 0;
		};
		D5B06EC72D2C41B800C0AAE8 /* Sources */ = {
			isa = PBXSourcesBuildPhase;
			buildActionMask = 2147483647;
			files = (
			);
			runOnlyForDeploymentPostprocessing = 0;
		};
/* End PBXSourcesBuildPhase section */

/* Begin PBXTargetDependency section */
		D5B06EC32D2C41B800C0AAE8 /* PBXTargetDependency */ = {
			isa = PBXTargetDependency;
			target = D5B06EB02D2C41B700C0AAE8 /* fatura */;
			targetProxy = D5B06EC22D2C41B800C0AAE8 /* PBXContainerItemProxy */;
		};
		D5B06ECD2D2C41B800C0AAE8 /* PBXTargetDependency */ = {
			isa = PBXTargetDependency;
			target = D5B06EB02D2C41B700C0AAE8 /* fatura */;
			targetProxy = D5B06ECC2D2C41B800C0AAE8 /* PBXContainerItemProxy */;
		};
/* End PBXTargetDependency section */

/* Begin XCBuildConfiguration section */
		D5B06ED32D2C41B800C0AAE8 /* Debug */ = {
			isa = XCBuildConfiguration;
			buildSettings = {
				ALWAYS_SEARCH_USER_PATHS = NO;
				ASSETCATALOG_COMPILER_GENERATE_SWIFT_ASSET_SYMBOL_EXTENSIONS = YES;
				CLANG_ANALYZER_NONNULL = YES;
				CLANG_ANALYZER_NUMBER_OBJECT_CONVERSION = YES_AGGRESSIVE;
				CLANG_CXX_LANGUAGE_STANDARD = "gnu++20";
				CLANG_ENABLE_MODULES = YES;
				CLANG_ENABLE_OBJC_ARC = YES;
				CLANG_ENABLE_OBJC_WEAK = YES;
				CLANG_WARN_BLOCK_CAPTURE_AUTORELEASING = YES;
				CLANG_WARN_BOOL_CONVERSION = YES;
				CLANG_WARN_COMMA = YES;
				CLANG_WARN_CONSTANT_CONVERSION = YES;
				CLANG_WARN_DEPRECATED_OBJC_IMPLEMENTATIONS = YES;
				CLANG_WARN_DIRECT_OBJC_ISA_USAGE = YES_ERROR;
				CLANG_WARN_DOCUMENTATION_COMMENTS = YES;
				CLANG_WARN_EMPTY_BODY = YES;
				CLANG_WARN_ENUM_CONVERSION = YES;
				CLANG_WARN_INFINITE_RECURSION = YES;
				CLANG_WARN_INT_CONVERSION = YES;
				CLANG_WARN_NON_LITERAL_NULL_CONVERSION = YES;
				CLANG_WARN_OBJC_IMPLICIT_RETAIN_SELF = YES;
				CLANG_WARN_OBJC_LITERAL_CONVERSION = YES;
				CLANG_WARN_OBJC_ROOT_CLASS = YES_ERROR;
				CLANG_WARN_QUOTED_INCLUDE_IN_FRAMEWORK_HEADER = YES;
				CLANG_WARN_RANGE_LOOP_ANALYSIS = YES;
				CLANG_WARN_STRICT_PROTOTYPES = YES;
				CLANG_WARN_SUSPICIOUS_MOVE = YES;
				CLANG_WARN_UNGUARDED_AVAILABILITY = YES_AGGRESSIVE;
				CLANG_WARN_UNREACHABLE_CODE = YES;
				CLANG_WARN__DUPLICATE_METHOD_MATCH = YES;
				COPY_PHASE_STRIP = NO;
				DEBUG_INFORMATION_FORMAT = dwarf;
				ENABLE_STRICT_OBJC_MSGSEND = YES;
				ENABLE_TESTABILITY = YES;
				ENABLE_USER_SCRIPT_SANDBOXING = YES;
				GCC_C_LANGUAGE_STANDARD = gnu17;
				GCC_DYNAMIC_NO_PIC = NO;
				GCC_NO_COMMON_BLOCKS = YES;
				GCC_OPTIMIZATION_LEVEL = 0;
				GCC_PREPROCESSOR_DEFINITIONS = (
					"DEBUG=1",
					"$(inherited)",
				);
				GCC_WARN_64_TO_32_BIT_CONVERSION = YES;
				GCC_WARN_ABOUT_RETURN_TYPE = YES_ERROR;
				GCC_WARN_UNDECLARED_SELECTOR = YES;
				GCC_WARN_UNINITIALIZED_AUTOS = YES_AGGRESSIVE;
				GCC_WARN_UNUSED_FUNCTION = YES;
				GCC_WARN_UNUSED_VARIABLE = YES;
				IPHONEOS_DEPLOYMENT_TARGET = 18.2;
				LOCALIZATION_PREFERS_STRING_CATALOGS = YES;
				MTL_ENABLE_DEBUG_INFO = INCLUDE_SOURCE;
				MTL_FAST_MATH = YES;
				ONLY_ACTIVE_ARCH = YES;
				SDKROOT = iphoneos;
				SWIFT_ACTIVE_COMPILATION_CONDITIONS = "DEBUG $(inherited)";
				SWIFT_OPTIMIZATION_LEVEL = "-Onone";
			};
			name = Debug;
		};
		D5B06ED42D2C41B800C0AAE8 /* Release */ = {
			isa = XCBuildConfiguration;
			buildSettings = {
				ALWAYS_SEARCH_USER_PATHS = NO;
				ASSETCATALOG_COMPILER_GENERATE_SWIFT_ASSET_SYMBOL_EXTENSIONS = YES;
				CLANG_ANALYZER_NONNULL = YES;
				CLANG_ANALYZER_NUMBER_OBJECT_CONVERSION = YES_AGGRESSIVE;
				CLANG_CXX_LANGUAGE_STANDARD = "gnu++20";
				CLANG_ENABLE_MODULES = YES;
				CLANG_ENABLE_OBJC_ARC = YES;
				CLANG_ENABLE_OBJC_WEAK = YES;
				CLANG_WARN_BLOCK_CAPTURE_AUTORELEASING = YES;
				CLANG_WARN_BOOL_CONVERSION = YES;
				CLANG_WARN_COMMA = YES;
				CLANG_WARN_CONSTANT_CONVERSION = YES;
				CLANG_WARN_DEPRECATED_OBJC_IMPLEMENTATIONS = YES;
				CLANG_WARN_DIRECT_OBJC_ISA_USAGE = YES_ERROR;
				CLANG_WARN_DOCUMENTATION_COMMENTS = YES;
				CLANG_WARN_EMPTY_BODY = YES;
				CLANG_WARN_ENUM_CONVERSION = YES;
				CLANG_WARN_INFINITE_RECURSION = YES;
				CLANG_WARN_INT_CONVERSION = YES;
				CLANG_WARN_NON_LITERAL_NULL_CONVERSION = YES;
				CLANG_WARN_OBJC_IMPLICIT_RETAIN_SELF = YES;
				CLANG_WARN_OBJC_LITERAL_CONVERSION = YES;
				CLANG_WARN_OBJC_ROOT_CLASS = YES_ERROR;
				CLANG_WARN_QUOTED_INCLUDE_IN_FRAMEWORK_HEADER = YES;
				CLANG_WARN_RANGE_LOOP_ANALYSIS = YES;
				CLANG_WARN_STRICT_PROTOTYPES = YES;
				CLANG_WARN_SUSPICIOUS_MOVE = YES;
				CLANG_WARN_UNGUARDED_AVAILABILITY = YES_AGGRESSIVE;
				CLANG_WARN_UNREACHABLE_CODE = YES;
				CLANG_WARN__DUPLICATE_METHOD_MATCH = YES;
				COPY_PHASE_STRIP = NO;
				DEBUG_INFORMATION_FORMAT = "dwarf-with-dsym";
				ENABLE_NS_ASSERTIONS = NO;
				ENABLE_STRICT_OBJC_MSGSEND = YES;
				ENABLE_USER_SCRIPT_SANDBOXING = YES;
				GCC_C_LANGUAGE_STANDARD = gnu17;
				GCC_NO_COMMON_BLOCKS = YES;
				GCC_WARN_64_TO_32_BIT_CONVERSION = YES;
				GCC_WARN_ABOUT_RETURN_TYPE = YES_ERROR;
				GCC_WARN_UNDECLARED_SELECTOR = YES;
				GCC_WARN_UNINITIALIZED_AUTOS = YES_AGGRESSIVE;
				GCC_WARN_UNUSED_FUNCTION = YES;
				GCC_WARN_UNUSED_VARIABLE = YES;
				IPHONEOS_DEPLOYMENT_TARGET = 18.2;
				LOCALIZATION_PREFERS_STRING_CATALOGS = YES;
				MTL_ENABLE_DEBUG_INFO = NO;
				MTL_FAST_MATH = YES;
				SDKROOT = iphoneos;
				SWIFT_COMPILATION_MODE = wholemodule;
				VALIDATE_PRODUCT = YES;
			};
			name = Release;
		};
		D5B06ED62D2C41B800C0AAE8 /* Debug */ = {
			isa = XCBuildConfiguration;
			buildSettings = {
				ASSETCATALOG_COMPILER_APPICON_NAME = AppIcon;
				ASSETCATALOG_COMPILER_GLOBAL_ACCENT_COLOR_NAME = AccentColor;
				CODE_SIGN_STYLE = Automatic;
				CURRENT_PROJECT_VERSION = 1;
				DEVELOPMENT_ASSET_PATHS = "\"fatura/Preview Content\"";
				DEVELOPMENT_TEAM = LLN7WDDG6A;
				ENABLE_PREVIEWS = YES;
				GENERATE_INFOPLIST_FILE = YES;
				INFOPLIST_KEY_UIApplicationSceneManifest_Generation = YES;
				INFOPLIST_KEY_UIApplicationSupportsIndirectInputEvents = YES;
				INFOPLIST_KEY_UILaunchScreen_Generation = YES;
				INFOPLIST_KEY_UISupportedInterfaceOrientations_iPad = "UIInterfaceOrientationPortrait UIInterfaceOrientationPortraitUpsideDown UIInterfaceOrientationLandscapeLeft UIInterfaceOrientationLandscapeRight";
				INFOPLIST_KEY_UISupportedInterfaceOrientations_iPhone = "UIInterfaceOrientationPortrait UIInterfaceOrientationLandscapeLeft UIInterfaceOrientationLandscapeRight";
				LD_RUNPATH_SEARCH_PATHS = (
					"$(inherited)",
					"@executable_path/Frameworks",
				);
				MARKETING_VERSION = 1.0;
				PRODUCT_BUNDLE_IDENTIFIER = com.alperen.fatura;
				PRODUCT_NAME = "$(TARGET_NAME)";
				SWIFT_EMIT_LOC_STRINGS = YES;
				SWIFT_VERSION = 5.0;
				TARGETED_DEVICE_FAMILY = "1,2";
			};
			name = Debug;
		};
		D5B06ED72D2C41B800C0AAE8 /* Release */ = {
			isa = XCBuildConfiguration;
			buildSettings = {
				ASSETCATALOG_COMPILER_APPICON_NAME = AppIcon;
				ASSETCATALOG_COMPILER_GLOBAL_ACCENT_COLOR_NAME = AccentColor;
				CODE_SIGN_STYLE = Automatic;
				CURRENT_PROJECT_VERSION = 1;
				DEVELOPMENT_ASSET_PATHS = "\"fatura/Preview Content\"";
				DEVELOPMENT_TEAM = LLN7WDDG6A;
				ENABLE_PREVIEWS = YES;
				GENERATE_INFOPLIST_FILE = YES;
				INFOPLIST_KEY_UIApplicationSceneManifest_Generation = YES;
				INFOPLIST_KEY_UIApplicationSupportsIndirectInputEvents = YES;
				INFOPLIST_KEY_UILaunchScreen_Generation = YES;
				INFOPLIST_KEY_UISupportedInterfaceOrientations_iPad = "UIInterfaceOrientationPortrait UIInterfaceOrientationPortraitUpsideDown UIInterfaceOrientationLandscapeLeft UIInterfaceOrientationLandscapeRight";
				INFOPLIST_KEY_UISupportedInterfaceOrientations_iPhone = "UIInterfaceOrientationPortrait UIInterfaceOrientationLandscapeLeft UIInterfaceOrientationLandscapeRight";
				LD_RUNPATH_SEARCH_PATHS = (
					"$(inherited)",
					"@executable_path/Frameworks",
				);
				MARKETING_VERSION = 1.0;
				PRODUCT_BUNDLE_IDENTIFIER = com.alperen.fatura;
				PRODUCT_NAME = "$(TARGET_NAME)";
				SWIFT_EMIT_LOC_STRINGS = YES;
				SWIFT_VERSION = 5.0;
				TARGETED_DEVICE_FAMILY = "1,2";
			};
			name = Release;
		};
		D5B06ED92D2C41B800C0AAE8 /* Debug */ = {
			isa = XCBuildConfiguration;
			buildSettings = {
				BUNDLE_LOADER = "$(TEST_HOST)";
				CODE_SIGN_STYLE = Automatic;
				CURRENT_PROJECT_VERSION = 1;
				DEVELOPMENT_TEAM = LLN7WDDG6A;
				GENERATE_INFOPLIST_FILE = YES;
				IPHONEOS_DEPLOYMENT_TARGET = 18.2;
				MARKETING_VERSION = 1.0;
				PRODUCT_BUNDLE_IDENTIFIER = com.alperen.faturaTests;
				PRODUCT_NAME = "$(TARGET_NAME)";
				SWIFT_EMIT_LOC_STRINGS = NO;
				SWIFT_VERSION = 5.0;
				TARGETED_DEVICE_FAMILY = "1,2";
				TEST_HOST = "$(BUILT_PRODUCTS_DIR)/fatura.app/$(BUNDLE_EXECUTABLE_FOLDER_PATH)/fatura";
			};
			name = Debug;
		};
		D5B06EDA2D2C41B800C0AAE8 /* Release */ = {
			isa = XCBuildConfiguration;
			buildSettings = {
				BUNDLE_LOADER = "$(TEST_HOST)";
				CODE_SIGN_STYLE = Automatic;
				CURRENT_PROJECT_VERSION = 1;
				DEVELOPMENT_TEAM = LLN7WDDG6A;
				GENERATE_INFOPLIST_FILE = YES;
				IPHONEOS_DEPLOYMENT_TARGET = 18.2;
				MARKETING_VERSION = 1.0;
				PRODUCT_BUNDLE_IDENTIFIER = com.alperen.faturaTests;
				PRODUCT_NAME = "$(TARGET_NAME)";
				SWIFT_EMIT_LOC_STRINGS = NO;
				SWIFT_VERSION = 5.0;
				TARGETED_DEVICE_FAMILY = "1,2";
				TEST_HOST = "$(BUILT_PRODUCTS_DIR)/fatura.app/$(BUNDLE_EXECUTABLE_FOLDER_PATH)/fatura";
			};
			name = Release;
		};
		D5B06EDC2D2C41B800C0AAE8 /* Debug */ = {
			isa = XCBuildConfiguration;
			buildSettings = {
				CODE_SIGN_STYLE = Automatic;
				CURRENT_PROJECT_VERSION = 1;
				DEVELOPMENT_TEAM = LLN7WDDG6A;
				GENERATE_INFOPLIST_FILE = YES;
				MARKETING_VERSION = 1.0;
				PRODUCT_BUNDLE_IDENTIFIER = com.alperen.faturaUITests;
				PRODUCT_NAME = "$(TARGET_NAME)";
				SWIFT_EMIT_LOC_STRINGS = NO;
				SWIFT_VERSION = 5.0;
				TARGETED_DEVICE_FAMILY = "1,2";
				TEST_TARGET_NAME = fatura;
			};
			name = Debug;
		};
		D5B06EDD2D2C41B800C0AAE8 /* Release */ = {
			isa = XCBuildConfiguration;
			buildSettings = {
				CODE_SIGN_STYLE = Automatic;
				CURRENT_PROJECT_VERSION = 1;
				DEVELOPMENT_TEAM = LLN7WDDG6A;
				GENERATE_INFOPLIST_FILE = YES;
				MARKETING_VERSION = 1.0;
				PRODUCT_BUNDLE_IDENTIFIER = com.alperen.faturaUITests;
				PRODUCT_NAME = "$(TARGET_NAME)";
				SWIFT_EMIT_LOC_STRINGS = NO;
				SWIFT_VERSION = 5.0;
				TARGETED_DEVICE_FAMILY = "1,2";
				TEST_TARGET_NAME = fatura;
			};
			name = Release;
		};
/* End XCBuildConfiguration section */

/* Begin XCConfigurationList section */
		D5B06EAC2D2C41B700C0AAE8 /* Build configuration list for PBXProject "fatura" */ = {
			isa = XCConfigurationList;
			buildConfigurations = (
				D5B06ED32D2C41B800C0AAE8 /* Debug */,
				D5B06ED42D2C41B800C0AAE8 /* Release */,
			);
			defaultConfigurationIsVisible = 0;
			defaultConfigurationName = Release;
		};
		D5B06ED52D2C41B800C0AAE8 /* Build configuration list for PBXNativeTarget "fatura" */ = {
			isa = XCConfigurationList;
			buildConfigurations = (
				D5B06ED62D2C41B800C0AAE8 /* Debug */,
				D5B06ED72D2C41B800C0AAE8 /* Release */,
			);
			defaultConfigurationIsVisible = 0;
			defaultConfigurationName = Release;
		};
		D5B06ED82D2C41B800C0AAE8 /* Build configuration list for PBXNativeTarget "faturaTests" */ = {
			isa = XCConfigurationList;
			buildConfigurations = (
				D5B06ED92D2C41B800C0AAE8 /* Debug */,
				D5B06EDA2D2C41B800C0AAE8 /* Release */,
			);
			defaultConfigurationIsVisible = 0;
			defaultConfigurationName = Release;
		};
		D5B06EDB2D2C41B800C0AAE8 /* Build configuration list for PBXNativeTarget "faturaUITests" */ = {
			isa = XCConfigurationList;
			buildConfigurations = (
				D5B06EDC2D2C41B800C0AAE8 /* Debug */,
				D5B06EDD2D2C41B800C0AAE8 /* Release */,
			);
			defaultConfigurationIsVisible = 0;
			defaultConfigurationName = Release;
		};
/* End XCConfigurationList section */
	};
	rootObject = D5B06EA92D2C41B700C0AAE8 /* Project object */;
}
